{
  "nodes": {
    "flake-utils": {
      "locked": {
        "lastModified": 1642700792,
        "narHash": "sha256-XqHrk7hFb+zBvRg6Ghl+AZDq03ov6OshJLiSWOoX5es=",
        "owner": "numtide",
        "repo": "flake-utils",
        "rev": "846b2ae0fc4cc943637d3d1def4454213e203cba",
        "type": "github"
      },
      "original": {
        "owner": "numtide",
        "repo": "flake-utils",
        "rev": "846b2ae0fc4cc943637d3d1def4454213e203cba",
        "type": "github"
      }
    },
    "nixpkgs": {
      "locked": {
        "lastModified": 1644100064,
        "narHash": "sha256-FuBlcmLINm2IKrs4ZuW6f6aC0AIYlGW/9XiysydaNe0=",
        "owner": "NixOS",
        "repo": "nixpkgs",
        "rev": "7f7af7c7796f9d2f523686293de3cf2f149d9aa2",
        "type": "github"
      },
      "original": {
        "owner": "NixOS",
        "repo": "nixpkgs",
        "rev": "7f7af7c7796f9d2f523686293de3cf2f149d9aa2",
        "type": "github"
      }
    },
    "root": {
      "inputs": {
        "flake-utils": "flake-utils",
        "nixpkgs": "nixpkgs"
      }
    }
  },
  "root": "root",
  "version": 7
}
